// !$*UTF8*$!
{
	archiveVersion = 1;
	classes = {
	};
	objectVersion = 50;
	objects = {

/* Begin PBXBuildFile section */
		704A68C8243C3EF9001EF8FB /* AppDelegate.swift in Sources */ = {isa = PBXBuildFile; fileRef = 704A68C7243C3EF9001EF8FB /* AppDelegate.swift */; };
		704A68CA243C3EF9001EF8FB /* SceneDelegate.swift in Sources */ = {isa = PBXBuildFile; fileRef = 704A68C9243C3EF9001EF8FB /* SceneDelegate.swift */; };
		704A68CC243C3EF9001EF8FB /* MapViewVC.swift in Sources */ = {isa = PBXBuildFile; fileRef = 704A68CB243C3EF9001EF8FB /* MapViewVC.swift */; };
		704A68CF243C3EF9001EF8FB /* Main.storyboard in Resources */ = {isa = PBXBuildFile; fileRef = 704A68CD243C3EF9001EF8FB /* Main.storyboard */; };
		704A68D1243C3EFA001EF8FB /* Assets.xcassets in Resources */ = {isa = PBXBuildFile; fileRef = 704A68D0243C3EFA001EF8FB /* Assets.xcassets */; };
		704A68D4243C3EFA001EF8FB /* LaunchScreen.storyboard in Resources */ = {isa = PBXBuildFile; fileRef = 704A68D2243C3EFA001EF8FB /* LaunchScreen.storyboard */; };
		704A68E1243C428E001EF8FB /* LocationService.swift in Sources */ = {isa = PBXBuildFile; fileRef = 704A68E0243C428E001EF8FB /* LocationService.swift */; };
		704A68E3243C58C1001EF8FB /* MapView.swift in Sources */ = {isa = PBXBuildFile; fileRef = 704A68E2243C58C1001EF8FB /* MapView.swift */; };
		704A68E5243C6C95001EF8FB /* SearchService.swift in Sources */ = {isa = PBXBuildFile; fileRef = 704A68E4243C6C95001EF8FB /* SearchService.swift */; };
		704A68E8243C7341001EF8FB /* POI.swift in Sources */ = {isa = PBXBuildFile; fileRef = 704A68E7243C7341001EF8FB /* POI.swift */; };
		704A68EB243C7BC5001EF8FB /* MKPlacemark+Extension.swift in Sources */ = {isa = PBXBuildFile; fileRef = 704A68EA243C7BC5001EF8FB /* MKPlacemark+Extension.swift */; };
/* End PBXBuildFile section */

/* Begin PBXFileReference section */
		704A68C4243C3EF9001EF8FB /* LearningMapKit.app */ = {isa = PBXFileReference; explicitFileType = wrapper.application; includeInIndex = 0; path = LearningMapKit.app; sourceTree = BUILT_PRODUCTS_DIR; };
		704A68C7243C3EF9001EF8FB /* AppDelegate.swift */ = {isa = PBXFileReference; lastKnownFileType = sourcecode.swift; path = AppDelegate.swift; sourceTree = "<group>"; };
		704A68C9243C3EF9001EF8FB /* SceneDelegate.swift */ = {isa = PBXFileReference; lastKnownFileType = sourcecode.swift; path = SceneDelegate.swift; sourceTree = "<group>"; };
		704A68CB243C3EF9001EF8FB /* MapViewVC.swift */ = {isa = PBXFileReference; lastKnownFileType = sourcecode.swift; path = MapViewVC.swift; sourceTree = "<group>"; };
		704A68CE243C3EF9001EF8FB /* Base */ = {isa = PBXFileReference; lastKnownFileType = file.storyboard; name = Base; path = Base.lproj/Main.storyboard; sourceTree = "<group>"; };
		704A68D0243C3EFA001EF8FB /* Assets.xcassets */ = {isa = PBXFileReference; lastKnownFileType = folder.assetcatalog; path = Assets.xcassets; sourceTree = "<group>"; };
		704A68D3243C3EFA001EF8FB /* Base */ = {isa = PBXFileReference; lastKnownFileType = file.storyboard; name = Base; path = Base.lproj/LaunchScreen.storyboard; sourceTree = "<group>"; };
		704A68D5243C3EFA001EF8FB /* Info.plist */ = {isa = PBXFileReference; lastKnownFileType = text.plist.xml; path = Info.plist; sourceTree = "<group>"; };
		704A68E0243C428E001EF8FB /* LocationService.swift */ = {isa = PBXFileReference; lastKnownFileType = sourcecode.swift; path = LocationService.swift; sourceTree = "<group>"; };
		704A68E2243C58C1001EF8FB /* MapView.swift */ = {isa = PBXFileReference; lastKnownFileType = sourcecode.swift; path = MapView.swift; sourceTree = "<group>"; };
		704A68E4243C6C95001EF8FB /* SearchService.swift */ = {isa = PBXFileReference; lastKnownFileType = sourcecode.swift; path = SearchService.swift; sourceTree = "<group>"; };
		704A68E7243C7341001EF8FB /* POI.swift */ = {isa = PBXFileReference; lastKnownFileType = sourcecode.swift; path = POI.swift; sourceTree = "<group>"; };
		704A68EA243C7BC5001EF8FB /* MKPlacemark+Extension.swift */ = {isa = PBXFileReference; lastKnownFileType = sourcecode.swift; path = "MKPlacemark+Extension.swift"; sourceTree = "<group>"; };
/* End PBXFileReference section */

/* Begin PBXFrameworksBuildPhase section */
		704A68C1243C3EF9001EF8FB /* Frameworks */ = {
			isa = PBXFrameworksBuildPhase;
			buildActionMask = 2147483647;
			files = (
			);
			runOnlyForDeploymentPostprocessing = 0;
		};
/* End PBXFrameworksBuildPhase section */

/* Begin PBXGroup section */
		704A68BB243C3EF9001EF8FB = {
			isa = PBXGroup;
			children = (
				704A68C6243C3EF9001EF8FB /* LearningMapKit */,
				704A68C5243C3EF9001EF8FB /* Products */,
			);
			sourceTree = "<group>";
		};
		704A68C5243C3EF9001EF8FB /* Products */ = {
			isa = PBXGroup;
			children = (
				704A68C4243C3EF9001EF8FB /* LearningMapKit.app */,
			);
			name = Products;
			sourceTree = "<group>";
		};
		704A68C6243C3EF9001EF8FB /* LearningMapKit */ = {
			isa = PBXGroup;
			children = (
				704A68E9243C7BA3001EF8FB /* Extension */,
				704A68DF243C4277001EF8FB /* Service */,
				704A68DE243C3F29001EF8FB /* Model */,
				704A68DB243C3F15001EF8FB /* Supporting */,
				704A68DC243C3F1B001EF8FB /* Control */,
				704A68DD243C3F23001EF8FB /* View */,
				704A68D5243C3EFA001EF8FB /* Info.plist */,
			);
			path = LearningMapKit;
			sourceTree = "<group>";
		};
		704A68DB243C3F15001EF8FB /* Supporting */ = {
			isa = PBXGroup;
			children = (
				704A68C7243C3EF9001EF8FB /* AppDelegate.swift */,
				704A68C9243C3EF9001EF8FB /* SceneDelegate.swift */,
				704A68D0243C3EFA001EF8FB /* Assets.xcassets */,
			);
			path = Supporting;
			sourceTree = "<group>";
		};
		704A68DC243C3F1B001EF8FB /* Control */ = {
			isa = PBXGroup;
			children = (
				704A68CB243C3EF9001EF8FB /* MapViewVC.swift */,
			);
			path = Control;
			sourceTree = "<group>";
		};
		704A68DD243C3F23001EF8FB /* View */ = {
			isa = PBXGroup;
			children = (
				704A68CD243C3EF9001EF8FB /* Main.storyboard */,
				704A68D2243C3EFA001EF8FB /* LaunchScreen.storyboard */,
				704A68E2243C58C1001EF8FB /* MapView.swift */,
			);
			path = View;
			sourceTree = "<group>";
		};
		704A68DE243C3F29001EF8FB /* Model */ = {
			isa = PBXGroup;
			children = (
				704A68E7243C7341001EF8FB /* POI.swift */,
			);
			path = Model;
			sourceTree = "<group>";
		};
		704A68DF243C4277001EF8FB /* Service */ = {
			isa = PBXGroup;
			children = (
				704A68E0243C428E001EF8FB /* LocationService.swift */,
				704A68E4243C6C95001EF8FB /* SearchService.swift */,
			);
			path = Service;
			sourceTree = "<group>";
		};
		704A68E9243C7BA3001EF8FB /* Extension */ = {
			isa = PBXGroup;
			children = (
				704A68EA243C7BC5001EF8FB /* MKPlacemark+Extension.swift */,
			);
			path = Extension;
			sourceTree = "<group>";
		};
/* End PBXGroup section */

/* Begin PBXNativeTarget section */
		704A68C3243C3EF9001EF8FB /* LearningMapKit */ = {
			isa = PBXNativeTarget;
			buildConfigurationList = 704A68D8243C3EFA001EF8FB /* Build configuration list for PBXNativeTarget "LearningMapKit" */;
			buildPhases = (
				704A68C0243C3EF9001EF8FB /* Sources */,
				704A68C1243C3EF9001EF8FB /* Frameworks */,
				704A68C2243C3EF9001EF8FB /* Resources */,
			);
			buildRules = (
			);
			dependencies = (
			);
			name = LearningMapKit;
			productName = LearningMapKit;
			productReference = 704A68C4243C3EF9001EF8FB /* LearningMapKit.app */;
			productType = "com.apple.product-type.application";
		};
/* End PBXNativeTarget section */

/* Begin PBXProject section */
		704A68BC243C3EF9001EF8FB /* Project object */ = {
			isa = PBXProject;
			attributes = {
				LastSwiftUpdateCheck = 1140;
				LastUpgradeCheck = 1140;
				ORGANIZATIONNAME = "Bruce Wang";
				TargetAttributes = {
					704A68C3243C3EF9001EF8FB = {
						CreatedOnToolsVersion = 11.4;
					};
				};
			};
			buildConfigurationList = 704A68BF243C3EF9001EF8FB /* Build configuration list for PBXProject "LearningMapKit" */;
			compatibilityVersion = "Xcode 9.3";
			developmentRegion = en;
			hasScannedForEncodings = 0;
			knownRegions = (
				en,
				Base,
			);
			mainGroup = 704A68BB243C3EF9001EF8FB;
			productRefGroup = 704A68C5243C3EF9001EF8FB /* Products */;
			projectDirPath = "";
			projectRoot = "";
			targets = (
				704A68C3243C3EF9001EF8FB /* LearningMapKit */,
			);
		};
/* End PBXProject section */

/* Begin PBXResourcesBuildPhase section */
		704A68C2243C3EF9001EF8FB /* Resources */ = {
			isa = PBXResourcesBuildPhase;
			buildActionMask = 2147483647;
			files = (
				704A68D4243C3EFA001EF8FB /* LaunchScreen.storyboard in Resources */,
				704A68D1243C3EFA001EF8FB /* Assets.xcassets in Resources */,
				704A68CF243C3EF9001EF8FB /* Main.storyboard in Resources */,
			);
			runOnlyForDeploymentPostprocessing = 0;
		};
/* End PBXResourcesBuildPhase section */

/* Begin PBXSourcesBuildPhase section */
		704A68C0243C3EF9001EF8FB /* Sources */ = {
			isa = PBXSourcesBuildPhase;
			buildActionMask = 2147483647;
			files = (
				704A68E8243C7341001EF8FB /* POI.swift in Sources */,
				704A68CC243C3EF9001EF8FB /* MapViewVC.swift in Sources */,
				704A68C8243C3EF9001EF8FB /* AppDelegate.swift in Sources */,
				704A68E3243C58C1001EF8FB /* MapView.swift in Sources */,
				704A68E5243C6C95001EF8FB /* SearchService.swift in Sources */,
				704A68E1243C428E001EF8FB /* LocationService.swift in Sources */,
				704A68EB243C7BC5001EF8FB /* MKPlacemark+Extension.swift in Sources */,
				704A68CA243C3EF9001EF8FB /* SceneDelegate.swift in Sources */,
			);
			runOnlyForDeploymentPostprocessing = 0;
		};
/* End PBXSourcesBuildPhase section */

/* Begin PBXVariantGroup section */
		704A68CD243C3EF9001EF8FB /* Main.storyboard */ = {
			isa = PBXVariantGroup;
			children = (
				704A68CE243C3EF9001EF8FB /* Base */,
			);
			name = Main.storyboard;
			sourceTree = "<group>";
		};
		704A68D2243C3EFA001EF8FB /* LaunchScreen.storyboard */ = {
			isa = PBXVariantGroup;
			children = (
				704A68D3243C3EFA001EF8FB /* Base */,
			);
			name = LaunchScreen.storyboard;
			sourceTree = "<group>";
		};
/* End PBXVariantGroup section */

/* Begin XCBuildConfiguration section */
		704A68D6243C3EFA001EF8FB /* Debug */ = {
			isa = XCBuildConfiguration;
			buildSettings = {
				ALWAYS_SEARCH_USER_PATHS = NO;
				CLANG_ANALYZER_NONNULL = YES;
				CLANG_ANALYZER_NUMBER_OBJECT_CONVERSION = YES_AGGRESSIVE;
				CLANG_CXX_LANGUAGE_STANDARD = "gnu++14";
				CLANG_CXX_LIBRARY = "libc++";
				CLANG_ENABLE_MODULES = YES;
				CLANG_ENABLE_OBJC_ARC = YES;
				CLANG_ENABLE_OBJC_WEAK = YES;
				CLANG_WARN_BLOCK_CAPTURE_AUTORELEASING = YES;
				CLANG_WARN_BOOL_CONVERSION = YES;
				CLANG_WARN_COMMA = YES;
				CLANG_WARN_CONSTANT_CONVERSION = YES;
				CLANG_WARN_DEPRECATED_OBJC_IMPLEMENTATIONS = YES;
				CLANG_WARN_DIRECT_OBJC_ISA_USAGE = YES_ERROR;
				CLANG_WARN_DOCUMENTATION_COMMENTS = YES;
				CLANG_WARN_EMPTY_BODY = YES;
				CLANG_WARN_ENUM_CONVERSION = YES;
				CLANG_WARN_INFINITE_RECURSION = YES;
				CLANG_WARN_INT_CONVERSION = YES;
				CLANG_WARN_NON_LITERAL_NULL_CONVERSION = YES;
				CLANG_WARN_OBJC_IMPLICIT_RETAIN_SELF = YES;
				CLANG_WARN_OBJC_LITERAL_CONVERSION = YES;
				CLANG_WARN_OBJC_ROOT_CLASS = YES_ERROR;
				CLANG_WARN_RANGE_LOOP_ANALYSIS = YES;
				CLANG_WARN_STRICT_PROTOTYPES = YES;
				CLANG_WARN_SUSPICIOUS_MOVE = YES;
				CLANG_WARN_UNGUARDED_AVAILABILITY = YES_AGGRESSIVE;
				CLANG_WARN_UNREACHABLE_CODE = YES;
				CLANG_WARN__DUPLICATE_METHOD_MATCH = YES;
				COPY_PHASE_STRIP = NO;
				DEBUG_INFORMATION_FORMAT = dwarf;
				ENABLE_STRICT_OBJC_MSGSEND = YES;
				ENABLE_TESTABILITY = YES;
				GCC_C_LANGUAGE_STANDARD = gnu11;
				GCC_DYNAMIC_NO_PIC = NO;
				GCC_NO_COMMON_BLOCKS = YES;
				GCC_OPTIMIZATION_LEVEL = 0;
				GCC_PREPROCESSOR_DEFINITIONS = (
					"DEBUG=1",
					"$(inherited)",
				);
				GCC_WARN_64_TO_32_BIT_CONVERSION = YES;
				GCC_WARN_ABOUT_RETURN_TYPE = YES_ERROR;
				GCC_WARN_UNDECLARED_SELECTOR = YES;
				GCC_WARN_UNINITIALIZED_AUTOS = YES_AGGRESSIVE;
				GCC_WARN_UNUSED_FUNCTION = YES;
				GCC_WARN_UNUSED_VARIABLE = YES;
				IPHONEOS_DEPLOYMENT_TARGET = 13.4;
				MTL_ENABLE_DEBUG_INFO = INCLUDE_SOURCE;
				MTL_FAST_MATH = YES;
				ONLY_ACTIVE_ARCH = YES;
				SDKROOT = iphoneos;
				SWIFT_ACTIVE_COMPILATION_CONDITIONS = DEBUG;
				SWIFT_OPTIMIZATION_LEVEL = "-Onone";
			};
			name = Debug;
		};
		704A68D7243C3EFA001EF8FB /* Release */ = {
			isa = XCBuildConfiguration;
			buildSettings = {
				ALWAYS_SEARCH_USER_PATHS = NO;
				CLANG_ANALYZER_NONNULL = YES;
				CLANG_ANALYZER_NUMBER_OBJECT_CONVERSION = YES_AGGRESSIVE;
				CLANG_CXX_LANGUAGE_STANDARD = "gnu++14";
				CLANG_CXX_LIBRARY = "libc++";
				CLANG_ENABLE_MODULES = YES;
				CLANG_ENABLE_OBJC_ARC = YES;
				CLANG_ENABLE_OBJC_WEAK = YES;
				CLANG_WARN_BLOCK_CAPTURE_AUTORELEASING = YES;
				CLANG_WARN_BOOL_CONVERSION = YES;
				CLANG_WARN_COMMA = YES;
				CLANG_WARN_CONSTANT_CONVERSION = YES;
				CLANG_WARN_DEPRECATED_OBJC_IMPLEMENTATIONS = YES;
				CLANG_WARN_DIRECT_OBJC_ISA_USAGE = YES_ERROR;
				CLANG_WARN_DOCUMENTATION_COMMENTS = YES;
				CLANG_WARN_EMPTY_BODY = YES;
				CLANG_WARN_ENUM_CONVERSION = YES;
				CLANG_WARN_INFINITE_RECURSION = YES;
				CLANG_WARN_INT_CONVERSION = YES;
				CLANG_WARN_NON_LITERAL_NULL_CONVERSION = YES;
				CLANG_WARN_OBJC_IMPLICIT_RETAIN_SELF = YES;
				CLANG_WARN_OBJC_LITERAL_CONVERSION = YES;
				CLANG_WARN_OBJC_ROOT_CLASS = YES_ERROR;
				CLANG_WARN_RANGE_LOOP_ANALYSIS = YES;
				CLANG_WARN_STRICT_PROTOTYPES = YES;
				CLANG_WARN_SUSPICIOUS_MOVE = YES;
				CLANG_WARN_UNGUARDED_AVAILABILITY = YES_AGGRESSIVE;
				CLANG_WARN_UNREACHABLE_CODE = YES;
				CLANG_WARN__DUPLICATE_METHOD_MATCH = YES;
				COPY_PHASE_STRIP = NO;
				DEBUG_INFORMATION_FORMAT = "dwarf-with-dsym";
				ENABLE_NS_ASSERTIONS = NO;
				ENABLE_STRICT_OBJC_MSGSEND = YES;
				GCC_C_LANGUAGE_STANDARD = gnu11;
				GCC_NO_COMMON_BLOCKS = YES;
				GCC_WARN_64_TO_32_BIT_CONVERSION = YES;
				GCC_WARN_ABOUT_RETURN_TYPE = YES_ERROR;
				GCC_WARN_UNDECLARED_SELECTOR = YES;
				GCC_WARN_UNINITIALIZED_AUTOS = YES_AGGRESSIVE;
				GCC_WARN_UNUSED_FUNCTION = YES;
				GCC_WARN_UNUSED_VARIABLE = YES;
				IPHONEOS_DEPLOYMENT_TARGET = 13.4;
				MTL_ENABLE_DEBUG_INFO = NO;
				MTL_FAST_MATH = YES;
				SDKROOT = iphoneos;
				SWIFT_COMPILATION_MODE = wholemodule;
				SWIFT_OPTIMIZATION_LEVEL = "-O";
				VALIDATE_PRODUCT = YES;
			};
			name = Release;
		};
		704A68D9243C3EFA001EF8FB /* Debug */ = {
			isa = XCBuildConfiguration;
			buildSettings = {
				ASSETCATALOG_COMPILER_APPICON_NAME = AppIcon;
				CODE_SIGN_STYLE = Automatic;
				DEVELOPMENT_TEAM = 2439WLAK23;
				INFOPLIST_FILE = LearningMapKit/Info.plist;
				LD_RUNPATH_SEARCH_PATHS = (
					"$(inherited)",
					"@executable_path/Frameworks",
				);
				PRODUCT_BUNDLE_IDENTIFIER = MTH.KID.LearningMapKit;
				PRODUCT_NAME = "$(TARGET_NAME)";
				SWIFT_VERSION = 5.0;
				TARGETED_DEVICE_FAMILY = "1,2";
			};
			name = Debug;
		};
		704A68DA243C3EFA001EF8FB /* Release */ = {
			isa = XCBuildConfiguration;
			buildSettings = {
				ASSETCATALOG_COMPILER_APPICON_NAME = AppIcon;
				CODE_SIGN_STYLE = Automatic;
				DEVELOPMENT_TEAM = 2439WLAK23;
				INFOPLIST_FILE = LearningMapKit/Info.plist;
				LD_RUNPATH_SEARCH_PATHS = (
					"$(inherited)",
					"@executable_path/Frameworks",
				);
				PRODUCT_BUNDLE_IDENTIFIER = MTH.KID.LearningMapKit;
				PRODUCT_NAME = "$(TARGET_NAME)";
				SWIFT_VERSION = 5.0;
				TARGETED_DEVICE_FAMILY = "1,2";
			};
			name = Release;
		};
/* End XCBuildConfiguration section */

/* Begin XCConfigurationList section */
		704A68BF243C3EF9001EF8FB /* Build configuration list for PBXProject "LearningMapKit" */ = {
			isa = XCConfigurationList;
			buildConfigurations = (
				704A68D6243C3EFA001EF8FB /* Debug */,
				704A68D7243C3EFA001EF8FB /* Release */,
			);
			defaultConfigurationIsVisible = 0;
			defaultConfigurationName = Release;
		};
		704A68D8243C3EFA001EF8FB /* Build configuration list for PBXNativeTarget "LearningMapKit" */ = {
			isa = XCConfigurationList;
			buildConfigurations = (
				704A68D9243C3EFA001EF8FB /* Debug */,
				704A68DA243C3EFA001EF8FB /* Release */,
			);
			defaultConfigurationIsVisible = 0;
			defaultConfigurationName = Release;
		};
/* End XCConfigurationList section */
	};
	rootObject = 704A68BC243C3EF9001EF8FB /* Project object */;
}
